
Microsoft Visual Studio Solution File, Format Version 12.00
# Visual Studio Version 16
VisualStudioVersion = 16.0.30204.135
MinimumVisualStudioVersion = 10.0.40219.1
Project("{FAE04EC0-301F-11D3-BF4B-00C04F79EFBC}") = "demoapp", "demoapp\demoapp.csproj", "{4035EEB1-CAB5-4094-AAFA-57C4E3137ACD}"
EndProject
Global
	GlobalSection(SolutionConfigurationPlatforms) = preSolution
		Debug|Any CPU = Debug|Any CPU
		Release|Any CPU = Release|Any CPU
	EndGlobalSection
	GlobalSection(ProjectConfigurationPlatforms) = postSolution
		{4035EEB1-CAB5-4094-AAFA-57C4E3137ACD}.Debug|Any CPU.ActiveCfg = Debug|Any CPU
		{4035EEB1-CAB5-4094-AAFA-57C4E3137ACD}.Debug|Any CPU.Build.0 = Debug|Any CPU
		{4035EEB1-CAB5-4094-AAFA-57C4E3137ACD}.Release|Any CPU.ActiveCfg = Release|Any CPU
		{4035EEB1-CAB5-4094-AAFA-57C4E3137ACD}.Release|Any CPU.Build.0 = Release|Any CPU
	EndGlobalSection
	GlobalSection(SolutionProperties) = preSolution
		HideSolutionNode = FALSE
	EndGlobalSection
	GlobalSection(ExtensibilityGlobals) = postSolution
		SolutionGuid = {C015C908-5960-4F31-B1DF-A4DFEB60715D}
	EndGlobalSection
EndGlobal
